
Microsoft Visual Studio Solution File, Format Version 12.00
# Visual Studio Version 16
VisualStudioVersion = 16.0.33801.447
MinimumVisualStudioVersion = 10.0.40219.1
Project("{FAE04EC0-301F-11D3-BF4B-00C04F79EFBC}") = "arr2", "arr2\arr2.csproj", "{DFE3A58F-06E2-4C0C-BD9F-69BA6D5C7D3D}"
EndProject
Global
	GlobalSection(SolutionConfigurationPlatforms) = preSolution
		Debug|Any CPU = Debug|Any CPU
		Release|Any CPU = Release|Any CPU
	EndGlobalSection
	GlobalSection(ProjectConfigurationPlatforms) = postSolution
		{DFE3A58F-06E2-4C0C-BD9F-69BA6D5C7D3D}.Debug|Any CPU.ActiveCfg = Debug|Any CPU
		{DFE3A58F-06E2-4C0C-BD9F-69BA6D5C7D3D}.Debug|Any CPU.Build.0 = Debug|Any CPU
		{DFE3A58F-06E2-4C0C-BD9F-69BA6D5C7D3D}.Release|Any CPU.ActiveCfg = Release|Any CPU
		{DFE3A58F-06E2-4C0C-BD9F-69BA6D5C7D3D}.Release|Any CPU.Build.0 = Release|Any CPU
	EndGlobalSection
	GlobalSection(SolutionProperties) = preSolution
		HideSolutionNode = FALSE
	EndGlobalSection
	GlobalSection(ExtensibilityGlobals) = postSolution
		SolutionGuid = {D9ABD978-CCBB-4A9D-8560-A184E4A4B67A}
	EndGlobalSection
EndGlobal
