
Microsoft Visual Studio Solution File, Format Version 12.00
# Visual Studio Version 16
VisualStudioVersion = 16.0.33801.447
MinimumVisualStudioVersion = 10.0.40219.1
Project("{FAE04EC0-301F-11D3-BF4B-00C04F79EFBC}") = "InherExample", "InherExample\InherExample.csproj", "{01ECB57E-B920-4813-8575-59B18A9901BC}"
EndProject
Global
	GlobalSection(SolutionConfigurationPlatforms) = preSolution
		Debug|Any CPU = Debug|Any CPU
		Release|Any CPU = Release|Any CPU
	EndGlobalSection
	GlobalSection(ProjectConfigurationPlatforms) = postSolution
		{01ECB57E-B920-4813-8575-59B18A9901BC}.Debug|Any CPU.ActiveCfg = Debug|Any CPU
		{01ECB57E-B920-4813-8575-59B18A9901BC}.Debug|Any CPU.Build.0 = Debug|Any CPU
		{01ECB57E-B920-4813-8575-59B18A9901BC}.Release|Any CPU.ActiveCfg = Release|Any CPU
		{01ECB57E-B920-4813-8575-59B18A9901BC}.Release|Any CPU.Build.0 = Release|Any CPU
	EndGlobalSection
	GlobalSection(SolutionProperties) = preSolution
		HideSolutionNode = FALSE
	EndGlobalSection
	GlobalSection(ExtensibilityGlobals) = postSolution
		SolutionGuid = {A23FFA62-165B-494F-8046-5717463911B9}
	EndGlobalSection
EndGlobal
